
Microsoft Visual Studio Solution File, Format Version 12.00
# Visual Studio Version 17
VisualStudioVersion = 17.5.33516.290
MinimumVisualStudioVersion = 10.0.40219.1
Project("{FAE04EC0-301F-11D3-BF4B-00C04F79EFBC}") = "Sales_Management_Using_blazor_syncfusion", "Sales_Management_Using_blazor_syncfusion\Sales_Management_Using_blazor_syncfusion.csproj", "{62BE354F-994E-4335-A5D4-7690930EE055}"
EndProject
Global
	GlobalSection(SolutionConfigurationPlatforms) = preSolution
		Debug|Any CPU = Debug|Any CPU
		Release|Any CPU = Release|Any CPU
	EndGlobalSection
	GlobalSection(ProjectConfigurationPlatforms) = postSolution
		{62BE354F-994E-4335-A5D4-7690930EE055}.Debug|Any CPU.ActiveCfg = Debug|Any CPU
		{62BE354F-994E-4335-A5D4-7690930EE055}.Debug|Any CPU.Build.0 = Debug|Any CPU
		{62BE354F-994E-4335-A5D4-7690930EE055}.Release|Any CPU.ActiveCfg = Release|Any CPU
		{62BE354F-994E-4335-A5D4-7690930EE055}.Release|Any CPU.Build.0 = Release|Any CPU
	EndGlobalSection
	GlobalSection(SolutionProperties) = preSolution
		HideSolutionNode = FALSE
	EndGlobalSection
	GlobalSection(ExtensibilityGlobals) = postSolution
		SolutionGuid = {EFDB77CC-AC73-4D0B-8722-7DACD239FA54}
	EndGlobalSection
EndGlobal
